
Microsoft Visual Studio Solution File, Format Version 12.00
# Visual Studio 14
VisualStudioVersion = 14.0.25123.0
MinimumVisualStudioVersion = 10.0.40219.1
Project("{FAE04EC0-301F-11D3-BF4B-00C04F79EFBC}") = "SeleniumWebDriver", "Testing\SeleniumWebDriver.csproj", "{5898E860-1EF9-401A-817C-018A4667B6B0}"
EndProject
Project("{FAE04EC0-301F-11D3-BF4B-00C04F79EFBC}") = "Csharp_Oops", "Csharp_Oops\Csharp_Oops.csproj", "{D27FD89B-C214-4D54-BF03-B34891C69A1F}"
EndProject
Global
	GlobalSection(SolutionConfigurationPlatforms) = preSolution
		Debug|Any CPU = Debug|Any CPU
		Release|Any CPU = Release|Any CPU
	EndGlobalSection
	GlobalSection(ProjectConfigurationPlatforms) = postSolution
		{5898E860-1EF9-401A-817C-018A4667B6B0}.Debug|Any CPU.ActiveCfg = Debug|Any CPU
		{5898E860-1EF9-401A-817C-018A4667B6B0}.Debug|Any CPU.Build.0 = Debug|Any CPU
		{5898E860-1EF9-401A-817C-018A4667B6B0}.Release|Any CPU.ActiveCfg = Release|Any CPU
		{5898E860-1EF9-401A-817C-018A4667B6B0}.Release|Any CPU.Build.0 = Release|Any CPU
		{D27FD89B-C214-4D54-BF03-B34891C69A1F}.Debug|Any CPU.ActiveCfg = Debug|Any CPU
		{D27FD89B-C214-4D54-BF03-B34891C69A1F}.Debug|Any CPU.Build.0 = Debug|Any CPU
		{D27FD89B-C214-4D54-BF03-B34891C69A1F}.Release|Any CPU.ActiveCfg = Release|Any CPU
		{D27FD89B-C214-4D54-BF03-B34891C69A1F}.Release|Any CPU.Build.0 = Release|Any CPU
	EndGlobalSection
	GlobalSection(SolutionProperties) = preSolution
		HideSolutionNode = FALSE
	EndGlobalSection
EndGlobal
